
Microsoft Visual Studio Solution File, Format Version 12.00
# Visual Studio 15
VisualStudioVersion = 15.0.28307.1259
MinimumVisualStudioVersion = 10.0.40219.1
Project("{FAE04EC0-301F-11D3-BF4B-00C04F79EFBC}") = "WpfNetCoreApp1", "WpfNetCoreApp1\WpfNetCoreApp1.csproj", "{ABE47F81-C4EC-47D9-8E3E-5119DEECAC15}"
EndProject
Project("{FAE04EC0-301F-11D3-BF4B-00C04F79EFBC}") = "NUnitTestProject1", "NUnitTestProject1\NUnitTestProject1.csproj", "{519590CB-E2C5-4F95-B8CE-1F1D3928BB61}"
EndProject
Global
	GlobalSection(SolutionConfigurationPlatforms) = preSolution
		Debug|Any CPU = Debug|Any CPU
		Release|Any CPU = Release|Any CPU
	EndGlobalSection
	GlobalSection(ProjectConfigurationPlatforms) = postSolution
		{ABE47F81-C4EC-47D9-8E3E-5119DEECAC15}.Debug|Any CPU.ActiveCfg = Debug|Any CPU
		{ABE47F81-C4EC-47D9-8E3E-5119DEECAC15}.Debug|Any CPU.Build.0 = Debug|Any CPU
		{ABE47F81-C4EC-47D9-8E3E-5119DEECAC15}.Release|Any CPU.ActiveCfg = Release|Any CPU
		{ABE47F81-C4EC-47D9-8E3E-5119DEECAC15}.Release|Any CPU.Build.0 = Release|Any CPU
		{519590CB-E2C5-4F95-B8CE-1F1D3928BB61}.Debug|Any CPU.ActiveCfg = Debug|Any CPU
		{519590CB-E2C5-4F95-B8CE-1F1D3928BB61}.Debug|Any CPU.Build.0 = Debug|Any CPU
		{519590CB-E2C5-4F95-B8CE-1F1D3928BB61}.Release|Any CPU.ActiveCfg = Release|Any CPU
		{519590CB-E2C5-4F95-B8CE-1F1D3928BB61}.Release|Any CPU.Build.0 = Release|Any CPU
	EndGlobalSection
	GlobalSection(SolutionProperties) = preSolution
		HideSolutionNode = FALSE
	EndGlobalSection
	GlobalSection(ExtensibilityGlobals) = postSolution
		SolutionGuid = {D819C161-C0CC-4DBE-BCE7-C15B9DB415F5}
	EndGlobalSection
EndGlobal
